// !$*UTF8*$!
{
	archiveVersion = 1;
	classes = {
	};
	objectVersion = 50;
	objects = {

/* Begin PBXBuildFile section */
		95038D66272973EE007D76F0 /* UdemyCourseCell.swift in Sources */ = {isa = PBXBuildFile; fileRef = 95038D65272973EE007D76F0 /* UdemyCourseCell.swift */; };
		95038D6B27297B64007D76F0 /* descriptionControler.swift in Sources */ = {isa = PBXBuildFile; fileRef = 95038D6A27297B64007D76F0 /* descriptionControler.swift */; };
		95302AD6272804D5007B62A7 /* AppDelegate.swift in Sources */ = {isa = PBXBuildFile; fileRef = 95302AD5272804D5007B62A7 /* AppDelegate.swift */; };
		95302AD8272804D5007B62A7 /* SceneDelegate.swift in Sources */ = {isa = PBXBuildFile; fileRef = 95302AD7272804D5007B62A7 /* SceneDelegate.swift */; };
		95302ADA272804D5007B62A7 /* ViewController.swift in Sources */ = {isa = PBXBuildFile; fileRef = 95302AD9272804D5007B62A7 /* ViewController.swift */; };
		95302ADD272804D5007B62A7 /* Main.storyboard in Resources */ = {isa = PBXBuildFile; fileRef = 95302ADB272804D5007B62A7 /* Main.storyboard */; };
		95302ADF272804DF007B62A7 /* Assets.xcassets in Resources */ = {isa = PBXBuildFile; fileRef = 95302ADE272804DF007B62A7 /* Assets.xcassets */; };
		95302AE2272804DF007B62A7 /* LaunchScreen.storyboard in Resources */ = {isa = PBXBuildFile; fileRef = 95302AE0272804DF007B62A7 /* LaunchScreen.storyboard */; };
		95302AED272804DF007B62A7 /* iosTestTests.swift in Sources */ = {isa = PBXBuildFile; fileRef = 95302AEC272804DF007B62A7 /* iosTestTests.swift */; };
		95302AF8272804DF007B62A7 /* iosTestUITests.swift in Sources */ = {isa = PBXBuildFile; fileRef = 95302AF7272804DF007B62A7 /* iosTestUITests.swift */; };
		95302B1127281DC1007B62A7 /* UdemyTableView.swift in Sources */ = {isa = PBXBuildFile; fileRef = 95302B1027281DC1007B62A7 /* UdemyTableView.swift */; };
		955B060127295461005ED6D5 /* udemyCourses.json in Resources */ = {isa = PBXBuildFile; fileRef = 955B060027295461005ED6D5 /* udemyCourses.json */; };
/* End PBXBuildFile section */

/* Begin PBXContainerItemProxy section */
		95302AE9272804DF007B62A7 /* PBXContainerItemProxy */ = {
			isa = PBXContainerItemProxy;
			containerPortal = 95302ACA272804D5007B62A7 /* Project object */;
			proxyType = 1;
			remoteGlobalIDString = 95302AD1272804D5007B62A7;
			remoteInfo = iosTest;
		};
		95302AF4272804DF007B62A7 /* PBXContainerItemProxy */ = {
			isa = PBXContainerItemProxy;
			containerPortal = 95302ACA272804D5007B62A7 /* Project object */;
			proxyType = 1;
			remoteGlobalIDString = 95302AD1272804D5007B62A7;
			remoteInfo = iosTest;
		};
/* End PBXContainerItemProxy section */

/* Begin PBXFileReference section */
		95038D65272973EE007D76F0 /* UdemyCourseCell.swift */ = {isa = PBXFileReference; lastKnownFileType = sourcecode.swift; path = UdemyCourseCell.swift; sourceTree = "<group>"; };
		95038D6A27297B64007D76F0 /* descriptionControler.swift */ = {isa = PBXFileReference; lastKnownFileType = sourcecode.swift; path = descriptionControler.swift; sourceTree = "<group>"; };
		95302AD2272804D5007B62A7 /* iosTest.app */ = {isa = PBXFileReference; explicitFileType = wrapper.application; includeInIndex = 0; path = iosTest.app; sourceTree = BUILT_PRODUCTS_DIR; };
		95302AD5272804D5007B62A7 /* AppDelegate.swift */ = {isa = PBXFileReference; lastKnownFileType = sourcecode.swift; path = AppDelegate.swift; sourceTree = "<group>"; };
		95302AD7272804D5007B62A7 /* SceneDelegate.swift */ = {isa = PBXFileReference; lastKnownFileType = sourcecode.swift; path = SceneDelegate.swift; sourceTree = "<group>"; };
		95302AD9272804D5007B62A7 /* ViewController.swift */ = {isa = PBXFileReference; lastKnownFileType = sourcecode.swift; path = ViewController.swift; sourceTree = "<group>"; };
		95302ADC272804D5007B62A7 /* Base */ = {isa = PBXFileReference; lastKnownFileType = file.storyboard; name = Base; path = Base.lproj/Main.storyboard; sourceTree = "<group>"; };
		95302ADE272804DF007B62A7 /* Assets.xcassets */ = {isa = PBXFileReference; lastKnownFileType = folder.assetcatalog; path = Assets.xcassets; sourceTree = "<group>"; };
		95302AE1272804DF007B62A7 /* Base */ = {isa = PBXFileReference; lastKnownFileType = file.storyboard; name = Base; path = Base.lproj/LaunchScreen.storyboard; sourceTree = "<group>"; };
		95302AE3272804DF007B62A7 /* Info.plist */ = {isa = PBXFileReference; lastKnownFileType = text.plist.xml; path = Info.plist; sourceTree = "<group>"; };
		95302AE8272804DF007B62A7 /* iosTestTests.xctest */ = {isa = PBXFileReference; explicitFileType = wrapper.cfbundle; includeInIndex = 0; path = iosTestTests.xctest; sourceTree = BUILT_PRODUCTS_DIR; };
		95302AEC272804DF007B62A7 /* iosTestTests.swift */ = {isa = PBXFileReference; lastKnownFileType = sourcecode.swift; path = iosTestTests.swift; sourceTree = "<group>"; };
		95302AEE272804DF007B62A7 /* Info.plist */ = {isa = PBXFileReference; lastKnownFileType = text.plist.xml; path = Info.plist; sourceTree = "<group>"; };
		95302AF3272804DF007B62A7 /* iosTestUITests.xctest */ = {isa = PBXFileReference; explicitFileType = wrapper.cfbundle; includeInIndex = 0; path = iosTestUITests.xctest; sourceTree = BUILT_PRODUCTS_DIR; };
		95302AF7272804DF007B62A7 /* iosTestUITests.swift */ = {isa = PBXFileReference; lastKnownFileType = sourcecode.swift; path = iosTestUITests.swift; sourceTree = "<group>"; };
		95302AF9272804DF007B62A7 /* Info.plist */ = {isa = PBXFileReference; lastKnownFileType = text.plist.xml; path = Info.plist; sourceTree = "<group>"; };
		95302B1027281DC1007B62A7 /* UdemyTableView.swift */ = {isa = PBXFileReference; lastKnownFileType = sourcecode.swift; path = UdemyTableView.swift; sourceTree = "<group>"; };
		955B060027295461005ED6D5 /* udemyCourses.json */ = {isa = PBXFileReference; fileEncoding = 4; lastKnownFileType = text.json; path = udemyCourses.json; sourceTree = "<group>"; };
/* End PBXFileReference section */

/* Begin PBXFrameworksBuildPhase section */
		95302ACF272804D5007B62A7 /* Frameworks */ = {
			isa = PBXFrameworksBuildPhase;
			buildActionMask = 2147483647;
			files = (
			);
			runOnlyForDeploymentPostprocessing = 0;
		};
		95302AE5272804DF007B62A7 /* Frameworks */ = {
			isa = PBXFrameworksBuildPhase;
			buildActionMask = 2147483647;
			files = (
			);
			runOnlyForDeploymentPostprocessing = 0;
		};
		95302AF0272804DF007B62A7 /* Frameworks */ = {
			isa = PBXFrameworksBuildPhase;
			buildActionMask = 2147483647;
			files = (
			);
			runOnlyForDeploymentPostprocessing = 0;
		};
/* End PBXFrameworksBuildPhase section */

/* Begin PBXGroup section */
		95302AC9272804D5007B62A7 = {
			isa = PBXGroup;
			children = (
				95302AD4272804D5007B62A7 /* iosTest */,
				95302AEB272804DF007B62A7 /* iosTestTests */,
				95302AF6272804DF007B62A7 /* iosTestUITests */,
				95302AD3272804D5007B62A7 /* Products */,
			);
			sourceTree = "<group>";
		};
		95302AD3272804D5007B62A7 /* Products */ = {
			isa = PBXGroup;
			children = (
				95302AD2272804D5007B62A7 /* iosTest.app */,
				95302AE8272804DF007B62A7 /* iosTestTests.xctest */,
				95302AF3272804DF007B62A7 /* iosTestUITests.xctest */,
			);
			name = Products;
			sourceTree = "<group>";
		};
		95302AD4272804D5007B62A7 /* iosTest */ = {
			isa = PBXGroup;
			children = (
				95302AD5272804D5007B62A7 /* AppDelegate.swift */,
				95302AD7272804D5007B62A7 /* SceneDelegate.swift */,
				95302AD9272804D5007B62A7 /* ViewController.swift */,
				95302ADB272804D5007B62A7 /* Main.storyboard */,
				95038D6A27297B64007D76F0 /* descriptionControler.swift */,
				95038D65272973EE007D76F0 /* UdemyCourseCell.swift */,
				955B060027295461005ED6D5 /* udemyCourses.json */,
				95302B1027281DC1007B62A7 /* UdemyTableView.swift */,
				95302ADE272804DF007B62A7 /* Assets.xcassets */,
				95302AE0272804DF007B62A7 /* LaunchScreen.storyboard */,
				95302AE3272804DF007B62A7 /* Info.plist */,
			);
			path = iosTest;
			sourceTree = "<group>";
		};
		95302AEB272804DF007B62A7 /* iosTestTests */ = {
			isa = PBXGroup;
			children = (
				95302AEC272804DF007B62A7 /* iosTestTests.swift */,
				95302AEE272804DF007B62A7 /* Info.plist */,
			);
			path = iosTestTests;
			sourceTree = "<group>";
		};
		95302AF6272804DF007B62A7 /* iosTestUITests */ = {
			isa = PBXGroup;
			children = (
				95302AF7272804DF007B62A7 /* iosTestUITests.swift */,
				95302AF9272804DF007B62A7 /* Info.plist */,
			);
			path = iosTestUITests;
			sourceTree = "<group>";
		};
/* End PBXGroup section */

/* Begin PBXNativeTarget section */
		95302AD1272804D5007B62A7 /* iosTest */ = {
			isa = PBXNativeTarget;
			buildConfigurationList = 95302AFC272804DF007B62A7 /* Build configuration list for PBXNativeTarget "iosTest" */;
			buildPhases = (
				95302ACE272804D5007B62A7 /* Sources */,
				95302ACF272804D5007B62A7 /* Frameworks */,
				95302AD0272804D5007B62A7 /* Resources */,
			);
			buildRules = (
			);
			dependencies = (
			);
			name = iosTest;
			productName = iosTest;
			productReference = 95302AD2272804D5007B62A7 /* iosTest.app */;
			productType = "com.apple.product-type.application";
		};
		95302AE7272804DF007B62A7 /* iosTestTests */ = {
			isa = PBXNativeTarget;
			buildConfigurationList = 95302AFF272804DF007B62A7 /* Build configuration list for PBXNativeTarget "iosTestTests" */;
			buildPhases = (
				95302AE4272804DF007B62A7 /* Sources */,
				95302AE5272804DF007B62A7 /* Frameworks */,
				95302AE6272804DF007B62A7 /* Resources */,
			);
			buildRules = (
			);
			dependencies = (
				95302AEA272804DF007B62A7 /* PBXTargetDependency */,
			);
			name = iosTestTests;
			productName = iosTestTests;
			productReference = 95302AE8272804DF007B62A7 /* iosTestTests.xctest */;
			productType = "com.apple.product-type.bundle.unit-test";
		};
		95302AF2272804DF007B62A7 /* iosTestUITests */ = {
			isa = PBXNativeTarget;
			buildConfigurationList = 95302B02272804DF007B62A7 /* Build configuration list for PBXNativeTarget "iosTestUITests" */;
			buildPhases = (
				95302AEF272804DF007B62A7 /* Sources */,
				95302AF0272804DF007B62A7 /* Frameworks */,
				95302AF1272804DF007B62A7 /* Resources */,
			);
			buildRules = (
			);
			dependencies = (
				95302AF5272804DF007B62A7 /* PBXTargetDependency */,
			);
			name = iosTestUITests;
			productName = iosTestUITests;
			productReference = 95302AF3272804DF007B62A7 /* iosTestUITests.xctest */;
			productType = "com.apple.product-type.bundle.ui-testing";
		};
/* End PBXNativeTarget section */

/* Begin PBXProject section */
		95302ACA272804D5007B62A7 /* Project object */ = {
			isa = PBXProject;
			attributes = {
				LastSwiftUpdateCheck = 1220;
				LastUpgradeCheck = 1220;
				TargetAttributes = {
					95302AD1272804D5007B62A7 = {
						CreatedOnToolsVersion = 12.2;
					};
					95302AE7272804DF007B62A7 = {
						CreatedOnToolsVersion = 12.2;
						TestTargetID = 95302AD1272804D5007B62A7;
					};
					95302AF2272804DF007B62A7 = {
						CreatedOnToolsVersion = 12.2;
						TestTargetID = 95302AD1272804D5007B62A7;
					};
				};
			};
			buildConfigurationList = 95302ACD272804D5007B62A7 /* Build configuration list for PBXProject "iosTest" */;
			compatibilityVersion = "Xcode 9.3";
			developmentRegion = en;
			hasScannedForEncodings = 0;
			knownRegions = (
				en,
				Base,
			);
			mainGroup = 95302AC9272804D5007B62A7;
			productRefGroup = 95302AD3272804D5007B62A7 /* Products */;
			projectDirPath = "";
			projectRoot = "";
			targets = (
				95302AD1272804D5007B62A7 /* iosTest */,
				95302AE7272804DF007B62A7 /* iosTestTests */,
				95302AF2272804DF007B62A7 /* iosTestUITests */,
			);
		};
/* End PBXProject section */

/* Begin PBXResourcesBuildPhase section */
		95302AD0272804D5007B62A7 /* Resources */ = {
			isa = PBXResourcesBuildPhase;
			buildActionMask = 2147483647;
			files = (
				955B060127295461005ED6D5 /* udemyCourses.json in Resources */,
				95302AE2272804DF007B62A7 /* LaunchScreen.storyboard in Resources */,
				95302ADF272804DF007B62A7 /* Assets.xcassets in Resources */,
				95302ADD272804D5007B62A7 /* Main.storyboard in Resources */,
			);
			runOnlyForDeploymentPostprocessing = 0;
		};
		95302AE6272804DF007B62A7 /* Resources */ = {
			isa = PBXResourcesBuildPhase;
			buildActionMask = 2147483647;
			files = (
			);
			runOnlyForDeploymentPostprocessing = 0;
		};
		95302AF1272804DF007B62A7 /* Resources */ = {
			isa = PBXResourcesBuildPhase;
			buildActionMask = 2147483647;
			files = (
			);
			runOnlyForDeploymentPostprocessing = 0;
		};
/* End PBXResourcesBuildPhase section */

/* Begin PBXSourcesBuildPhase section */
		95302ACE272804D5007B62A7 /* Sources */ = {
			isa = PBXSourcesBuildPhase;
			buildActionMask = 2147483647;
			files = (
				95302ADA272804D5007B62A7 /* ViewController.swift in Sources */,
				95038D6B27297B64007D76F0 /* descriptionControler.swift in Sources */,
				95302AD6272804D5007B62A7 /* AppDelegate.swift in Sources */,
				95302B1127281DC1007B62A7 /* UdemyTableView.swift in Sources */,
				95038D66272973EE007D76F0 /* UdemyCourseCell.swift in Sources */,
				95302AD8272804D5007B62A7 /* SceneDelegate.swift in Sources */,
			);
			runOnlyForDeploymentPostprocessing = 0;
		};
		95302AE4272804DF007B62A7 /* Sources */ = {
			isa = PBXSourcesBuildPhase;
			buildActionMask = 2147483647;
			files = (
				95302AED272804DF007B62A7 /* iosTestTests.swift in Sources */,
			);
			runOnlyForDeploymentPostprocessing = 0;
		};
		95302AEF272804DF007B62A7 /* Sources */ = {
			isa = PBXSourcesBuildPhase;
			buildActionMask = 2147483647;
			files = (
				95302AF8272804DF007B62A7 /* iosTestUITests.swift in Sources */,
			);
			runOnlyForDeploymentPostprocessing = 0;
		};
/* End PBXSourcesBuildPhase section */

/* Begin PBXTargetDependency section */
		95302AEA272804DF007B62A7 /* PBXTargetDependency */ = {
			isa = PBXTargetDependency;
			target = 95302AD1272804D5007B62A7 /* iosTest */;
			targetProxy = 95302AE9272804DF007B62A7 /* PBXContainerItemProxy */;
		};
		95302AF5272804DF007B62A7 /* PBXTargetDependency */ = {
			isa = PBXTargetDependency;
			target = 95302AD1272804D5007B62A7 /* iosTest */;
			targetProxy = 95302AF4272804DF007B62A7 /* PBXContainerItemProxy */;
		};
/* End PBXTargetDependency section */

/* Begin PBXVariantGroup section */
		95302ADB272804D5007B62A7 /* Main.storyboard */ = {
			isa = PBXVariantGroup;
			children = (
				95302ADC272804D5007B62A7 /* Base */,
			);
			name = Main.storyboard;
			sourceTree = "<group>";
		};
		95302AE0272804DF007B62A7 /* LaunchScreen.storyboard */ = {
			isa = PBXVariantGroup;
			children = (
				95302AE1272804DF007B62A7 /* Base */,
			);
			name = LaunchScreen.storyboard;
			sourceTree = "<group>";
		};
/* End PBXVariantGroup section */

/* Begin XCBuildConfiguration section */
		95302AFA272804DF007B62A7 /* Debug */ = {
			isa = XCBuildConfiguration;
			buildSettings = {
				ALWAYS_SEARCH_USER_PATHS = NO;
				CLANG_ANALYZER_NONNULL = YES;
				CLANG_ANALYZER_NUMBER_OBJECT_CONVERSION = YES_AGGRESSIVE;
				CLANG_CXX_LANGUAGE_STANDARD = "gnu++14";
				CLANG_CXX_LIBRARY = "libc++";
				CLANG_ENABLE_MODULES = YES;
				CLANG_ENABLE_OBJC_ARC = YES;
				CLANG_ENABLE_OBJC_WEAK = YES;
				CLANG_WARN_BLOCK_CAPTURE_AUTORELEASING = YES;
				CLANG_WARN_BOOL_CONVERSION = YES;
				CLANG_WARN_COMMA = YES;
				CLANG_WARN_CONSTANT_CONVERSION = YES;
				CLANG_WARN_DEPRECATED_OBJC_IMPLEMENTATIONS = YES;
				CLANG_WARN_DIRECT_OBJC_ISA_USAGE = YES_ERROR;
				CLANG_WARN_DOCUMENTATION_COMMENTS = YES;
				CLANG_WARN_EMPTY_BODY = YES;
				CLANG_WARN_ENUM_CONVERSION = YES;
				CLANG_WARN_INFINITE_RECURSION = YES;
				CLANG_WARN_INT_CONVERSION = YES;
				CLANG_WARN_NON_LITERAL_NULL_CONVERSION = YES;
				CLANG_WARN_OBJC_IMPLICIT_RETAIN_SELF = YES;
				CLANG_WARN_OBJC_LITERAL_CONVERSION = YES;
				CLANG_WARN_OBJC_ROOT_CLASS = YES_ERROR;
				CLANG_WARN_QUOTED_INCLUDE_IN_FRAMEWORK_HEADER = YES;
				CLANG_WARN_RANGE_LOOP_ANALYSIS = YES;
				CLANG_WARN_STRICT_PROTOTYPES = YES;
				CLANG_WARN_SUSPICIOUS_MOVE = YES;
				CLANG_WARN_UNGUARDED_AVAILABILITY = YES_AGGRESSIVE;
				CLANG_WARN_UNREACHABLE_CODE = YES;
				CLANG_WARN__DUPLICATE_METHOD_MATCH = YES;
				COPY_PHASE_STRIP = NO;
				DEBUG_INFORMATION_FORMAT = dwarf;
				ENABLE_STRICT_OBJC_MSGSEND = YES;
				ENABLE_TESTABILITY = YES;
				GCC_C_LANGUAGE_STANDARD = gnu11;
				GCC_DYNAMIC_NO_PIC = NO;
				GCC_NO_COMMON_BLOCKS = YES;
				GCC_OPTIMIZATION_LEVEL = 0;
				GCC_PREPROCESSOR_DEFINITIONS = (
					"DEBUG=1",
					"$(inherited)",
				);
				GCC_WARN_64_TO_32_BIT_CONVERSION = YES;
				GCC_WARN_ABOUT_RETURN_TYPE = YES_ERROR;
				GCC_WARN_UNDECLARED_SELECTOR = YES;
				GCC_WARN_UNINITIALIZED_AUTOS = YES_AGGRESSIVE;
				GCC_WARN_UNUSED_FUNCTION = YES;
				GCC_WARN_UNUSED_VARIABLE = YES;
				IPHONEOS_DEPLOYMENT_TARGET = 14.2;
				MTL_ENABLE_DEBUG_INFO = INCLUDE_SOURCE;
				MTL_FAST_MATH = YES;
				ONLY_ACTIVE_ARCH = YES;
				SDKROOT = iphoneos;
				SWIFT_ACTIVE_COMPILATION_CONDITIONS = DEBUG;
				SWIFT_OPTIMIZATION_LEVEL = "-Onone";
			};
			name = Debug;
		};
		95302AFB272804DF007B62A7 /* Release */ = {
			isa = XCBuildConfiguration;
			buildSettings = {
				ALWAYS_SEARCH_USER_PATHS = NO;
				CLANG_ANALYZER_NONNULL = YES;
				CLANG_ANALYZER_NUMBER_OBJECT_CONVERSION = YES_AGGRESSIVE;
				CLANG_CXX_LANGUAGE_STANDARD = "gnu++14";
				CLANG_CXX_LIBRARY = "libc++";
				CLANG_ENABLE_MODULES = YES;
				CLANG_ENABLE_OBJC_ARC = YES;
				CLANG_ENABLE_OBJC_WEAK = YES;
				CLANG_WARN_BLOCK_CAPTURE_AUTORELEASING = YES;
				CLANG_WARN_BOOL_CONVERSION = YES;
				CLANG_WARN_COMMA = YES;
				CLANG_WARN_CONSTANT_CONVERSION = YES;
				CLANG_WARN_DEPRECATED_OBJC_IMPLEMENTATIONS = YES;
				CLANG_WARN_DIRECT_OBJC_ISA_USAGE = YES_ERROR;
				CLANG_WARN_DOCUMENTATION_COMMENTS = YES;
				CLANG_WARN_EMPTY_BODY = YES;
				CLANG_WARN_ENUM_CONVERSION = YES;
				CLANG_WARN_INFINITE_RECURSION = YES;
				CLANG_WARN_INT_CONVERSION = YES;
				CLANG_WARN_NON_LITERAL_NULL_CONVERSION = YES;
				CLANG_WARN_OBJC_IMPLICIT_RETAIN_SELF = YES;
				CLANG_WARN_OBJC_LITERAL_CONVERSION = YES;
				CLANG_WARN_OBJC_ROOT_CLASS = YES_ERROR;
				CLANG_WARN_QUOTED_INCLUDE_IN_FRAMEWORK_HEADER = YES;
				CLANG_WARN_RANGE_LOOP_ANALYSIS = YES;
				CLANG_WARN_STRICT_PROTOTYPES = YES;
				CLANG_WARN_SUSPICIOUS_MOVE = YES;
				CLANG_WARN_UNGUARDED_AVAILABILITY = YES_AGGRESSIVE;
				CLANG_WARN_UNREACHABLE_CODE = YES;
				CLANG_WARN__DUPLICATE_METHOD_MATCH = YES;
				COPY_PHASE_STRIP = NO;
				DEBUG_INFORMATION_FORMAT = "dwarf-with-dsym";
				ENABLE_NS_ASSERTIONS = NO;
				ENABLE_STRICT_OBJC_MSGSEND = YES;
				GCC_C_LANGUAGE_STANDARD = gnu11;
				GCC_NO_COMMON_BLOCKS = YES;
				GCC_WARN_64_TO_32_BIT_CONVERSION = YES;
				GCC_WARN_ABOUT_RETURN_TYPE = YES_ERROR;
				GCC_WARN_UNDECLARED_SELECTOR = YES;
				GCC_WARN_UNINITIALIZED_AUTOS = YES_AGGRESSIVE;
				GCC_WARN_UNUSED_FUNCTION = YES;
				GCC_WARN_UNUSED_VARIABLE = YES;
				IPHONEOS_DEPLOYMENT_TARGET = 14.2;
				MTL_ENABLE_DEBUG_INFO = NO;
				MTL_FAST_MATH = YES;
				SDKROOT = iphoneos;
				SWIFT_COMPILATION_MODE = wholemodule;
				SWIFT_OPTIMIZATION_LEVEL = "-O";
				VALIDATE_PRODUCT = YES;
			};
			name = Release;
		};
		95302AFD272804DF007B62A7 /* Debug */ = {
			isa = XCBuildConfiguration;
			buildSettings = {
				ASSETCATALOG_COMPILER_APPICON_NAME = AppIcon;
				ASSETCATALOG_COMPILER_GLOBAL_ACCENT_COLOR_NAME = AccentColor;
				CODE_SIGN_STYLE = Automatic;
				INFOPLIST_FILE = iosTest/Info.plist;
				LD_RUNPATH_SEARCH_PATHS = (
					"$(inherited)",
					"@executable_path/Frameworks",
				);
				PRODUCT_BUNDLE_IDENTIFIER = com.ravtech.iosTest;
				PRODUCT_NAME = "$(TARGET_NAME)";
				SWIFT_VERSION = 5.0;
				TARGETED_DEVICE_FAMILY = "1,2";
			};
			name = Debug;
		};
		95302AFE272804DF007B62A7 /* Release */ = {
			isa = XCBuildConfiguration;
			buildSettings = {
				ASSETCATALOG_COMPILER_APPICON_NAME = AppIcon;
				ASSETCATALOG_COMPILER_GLOBAL_ACCENT_COLOR_NAME = AccentColor;
				CODE_SIGN_STYLE = Automatic;
				INFOPLIST_FILE = iosTest/Info.plist;
				LD_RUNPATH_SEARCH_PATHS = (
					"$(inherited)",
					"@executable_path/Frameworks",
				);
				PRODUCT_BUNDLE_IDENTIFIER = com.ravtech.iosTest;
				PRODUCT_NAME = "$(TARGET_NAME)";
				SWIFT_VERSION = 5.0;
				TARGETED_DEVICE_FAMILY = "1,2";
			};
			name = Release;
		};
		95302B00272804DF007B62A7 /* Debug */ = {
			isa = XCBuildConfiguration;
			buildSettings = {
				ALWAYS_EMBED_SWIFT_STANDARD_LIBRARIES = YES;
				BUNDLE_LOADER = "$(TEST_HOST)";
				CODE_SIGN_STYLE = Automatic;
				INFOPLIST_FILE = iosTestTests/Info.plist;
				IPHONEOS_DEPLOYMENT_TARGET = 14.2;
				LD_RUNPATH_SEARCH_PATHS = (
					"$(inherited)",
					"@executable_path/Frameworks",
					"@loader_path/Frameworks",
				);
				PRODUCT_BUNDLE_IDENTIFIER = com.ravtech.iosTestTests;
				PRODUCT_NAME = "$(TARGET_NAME)";
				SWIFT_VERSION = 5.0;
				TARGETED_DEVICE_FAMILY = "1,2";
				TEST_HOST = "$(BUILT_PRODUCTS_DIR)/iosTest.app/iosTest";
			};
			name = Debug;
		};
		95302B01272804DF007B62A7 /* Release */ = {
			isa = XCBuildConfiguration;
			buildSettings = {
				ALWAYS_EMBED_SWIFT_STANDARD_LIBRARIES = YES;
				BUNDLE_LOADER = "$(TEST_HOST)";
				CODE_SIGN_STYLE = Automatic;
				INFOPLIST_FILE = iosTestTests/Info.plist;
				IPHONEOS_DEPLOYMENT_TARGET = 14.2;
				LD_RUNPATH_SEARCH_PATHS = (
					"$(inherited)",
					"@executable_path/Frameworks",
					"@loader_path/Frameworks",
				);
				PRODUCT_BUNDLE_IDENTIFIER = com.ravtech.iosTestTests;
				PRODUCT_NAME = "$(TARGET_NAME)";
				SWIFT_VERSION = 5.0;
				TARGETED_DEVICE_FAMILY = "1,2";
				TEST_HOST = "$(BUILT_PRODUCTS_DIR)/iosTest.app/iosTest";
			};
			name = Release;
		};
		95302B03272804DF007B62A7 /* Debug */ = {
			isa = XCBuildConfiguration;
			buildSettings = {
				ALWAYS_EMBED_SWIFT_STANDARD_LIBRARIES = YES;
				CODE_SIGN_STYLE = Automatic;
				INFOPLIST_FILE = iosTestUITests/Info.plist;
				LD_RUNPATH_SEARCH_PATHS = (
					"$(inherited)",
					"@executable_path/Frameworks",
					"@loader_path/Frameworks",
				);
				PRODUCT_BUNDLE_IDENTIFIER = com.ravtech.iosTestUITests;
				PRODUCT_NAME = "$(TARGET_NAME)";
				SWIFT_VERSION = 5.0;
				TARGETED_DEVICE_FAMILY = "1,2";
				TEST_TARGET_NAME = iosTest;
			};
			name = Debug;
		};
		95302B04272804DF007B62A7 /* Release */ = {
			isa = XCBuildConfiguration;
			buildSettings = {
				ALWAYS_EMBED_SWIFT_STANDARD_LIBRARIES = YES;
				CODE_SIGN_STYLE = Automatic;
				INFOPLIST_FILE = iosTestUITests/Info.plist;
				LD_RUNPATH_SEARCH_PATHS = (
					"$(inherited)",
					"@executable_path/Frameworks",
					"@loader_path/Frameworks",
				);
				PRODUCT_BUNDLE_IDENTIFIER = com.ravtech.iosTestUITests;
				PRODUCT_NAME = "$(TARGET_NAME)";
				SWIFT_VERSION = 5.0;
				TARGETED_DEVICE_FAMILY = "1,2";
				TEST_TARGET_NAME = iosTest;
			};
			name = Release;
		};
/* End XCBuildConfiguration section */

/* Begin XCConfigurationList section */
		95302ACD272804D5007B62A7 /* Build configuration list for PBXProject "iosTest" */ = {
			isa = XCConfigurationList;
			buildConfigurations = (
				95302AFA272804DF007B62A7 /* Debug */,
				95302AFB272804DF007B62A7 /* Release */,
			);
			defaultConfigurationIsVisible = 0;
			defaultConfigurationName = Release;
		};
		95302AFC272804DF007B62A7 /* Build configuration list for PBXNativeTarget "iosTest" */ = {
			isa = XCConfigurationList;
			buildConfigurations = (
				95302AFD272804DF007B62A7 /* Debug */,
				95302AFE272804DF007B62A7 /* Release */,
			);
			defaultConfigurationIsVisible = 0;
			defaultConfigurationName = Release;
		};
		95302AFF272804DF007B62A7 /* Build configuration list for PBXNativeTarget "iosTestTests" */ = {
			isa = XCConfigurationList;
			buildConfigurations = (
				95302B00272804DF007B62A7 /* Debug */,
				95302B01272804DF007B62A7 /* Release */,
			);
			defaultConfigurationIsVisible = 0;
			defaultConfigurationName = Release;
		};
		95302B02272804DF007B62A7 /* Build configuration list for PBXNativeTarget "iosTestUITests" */ = {
			isa = XCConfigurationList;
			buildConfigurations = (
				95302B03272804DF007B62A7 /* Debug */,
				95302B04272804DF007B62A7 /* Release */,
			);
			defaultConfigurationIsVisible = 0;
			defaultConfigurationName = Release;
		};
/* End XCConfigurationList section */
	};
	rootObject = 95302ACA272804D5007B62A7 /* Project object */;
}
